
Microsoft Visual Studio Solution File, Format Version 12.00
# Visual Studio 14
VisualStudioVersion = 14.0.23107.0
MinimumVisualStudioVersion = 10.0.40219.1
Project("{FAE04EC0-301F-11D3-BF4B-00C04F79EFBC}") = "FirstGIT", "FirstGIT\FirstGIT.csproj", "{FC2CFE8C-342A-4FA0-B132-85BFE0A56674}"
EndProject
Global
	GlobalSection(SolutionConfigurationPlatforms) = preSolution
		Debug|Any CPU = Debug|Any CPU
		Release|Any CPU = Release|Any CPU
	EndGlobalSection
	GlobalSection(ProjectConfigurationPlatforms) = postSolution
		{FC2CFE8C-342A-4FA0-B132-85BFE0A56674}.Debug|Any CPU.ActiveCfg = Debug|Any CPU
		{FC2CFE8C-342A-4FA0-B132-85BFE0A56674}.Debug|Any CPU.Build.0 = Debug|Any CPU
		{FC2CFE8C-342A-4FA0-B132-85BFE0A56674}.Release|Any CPU.ActiveCfg = Release|Any CPU
		{FC2CFE8C-342A-4FA0-B132-85BFE0A56674}.Release|Any CPU.Build.0 = Release|Any CPU
	EndGlobalSection
	GlobalSection(SolutionProperties) = preSolution
		HideSolutionNode = FALSE
	EndGlobalSection
EndGlobal
